
Microsoft Visual Studio Solution File, Format Version 12.00
# Visual Studio Version 17
VisualStudioVersion = 17.10.35027.167
MinimumVisualStudioVersion = 10.0.40219.1
Project("{FAE04EC0-301F-11D3-BF4B-00C04F79EFBC}") = "Rimbound", "Rimbound.csproj", "{80C16334-EE18-4B6D-9AE0-0609E73B8D0F}"
EndProject
Global
	GlobalSection(SolutionConfigurationPlatforms) = preSolution
		Debug|Any CPU = Debug|Any CPU
		Release|Any CPU = Release|Any CPU
	EndGlobalSection
	GlobalSection(ProjectConfigurationPlatforms) = postSolution
		{80C16334-EE18-4B6D-9AE0-0609E73B8D0F}.Debug|Any CPU.ActiveCfg = Debug|Any CPU
		{80C16334-EE18-4B6D-9AE0-0609E73B8D0F}.Debug|Any CPU.Build.0 = Debug|Any CPU
		{80C16334-EE18-4B6D-9AE0-0609E73B8D0F}.Release|Any CPU.ActiveCfg = Release|Any CPU
		{80C16334-EE18-4B6D-9AE0-0609E73B8D0F}.Release|Any CPU.Build.0 = Release|Any CPU
	EndGlobalSection
	GlobalSection(SolutionProperties) = preSolution
		HideSolutionNode = FALSE
	EndGlobalSection
	GlobalSection(ExtensibilityGlobals) = postSolution
		SolutionGuid = {B300FA26-49CC-49A2-88DA-EFDEBA75819C}
	EndGlobalSection
EndGlobal
